
Microsoft Visual Studio Solution File, Format Version 12.00
# Visual Studio 15
Project("{FAE04EC0-301F-11D3-BF4B-00C04F79EFBC}") = "Assembly-CSharp", "Assembly-CSharp.csproj", "{1A576E87-2858-819C-E64D-BFCE323079C4}"
EndProject
Project("{FAE04EC0-301F-11D3-BF4B-00C04F79EFBC}") = "Assembly-CSharp-Editor", "Assembly-CSharp-Editor.csproj", "{94500B3F-B7B1-376E-138D-6F661E56CEEB}"
EndProject
Global
	GlobalSection(SolutionConfigurationPlatforms) = preSolution
		Debug|Any CPU = Debug|Any CPU
		Release|Any CPU = Release|Any CPU
	EndGlobalSection
	GlobalSection(ProjectConfigurationPlatforms) = postSolution
		{1A576E87-2858-819C-E64D-BFCE323079C4}.Debug|Any CPU.ActiveCfg = Debug|Any CPU
		{1A576E87-2858-819C-E64D-BFCE323079C4}.Debug|Any CPU.Build.0 = Debug|Any CPU
		{1A576E87-2858-819C-E64D-BFCE323079C4}.Release|Any CPU.ActiveCfg = Release|Any CPU
		{1A576E87-2858-819C-E64D-BFCE323079C4}.Release|Any CPU.Build.0 = Release|Any CPU
		{94500B3F-B7B1-376E-138D-6F661E56CEEB}.Debug|Any CPU.ActiveCfg = Debug|Any CPU
		{94500B3F-B7B1-376E-138D-6F661E56CEEB}.Debug|Any CPU.Build.0 = Debug|Any CPU
		{94500B3F-B7B1-376E-138D-6F661E56CEEB}.Release|Any CPU.ActiveCfg = Release|Any CPU
		{94500B3F-B7B1-376E-138D-6F661E56CEEB}.Release|Any CPU.Build.0 = Release|Any CPU
	EndGlobalSection
	GlobalSection(SolutionProperties) = preSolution
		HideSolutionNode = FALSE
	EndGlobalSection
EndGlobal
